/hps/research1/birney/users/ian/opto_res/videos/20210203/h5s/20210203_cab_50_green_90_op_0.6_sp_MMStack_Default.ome-006_Probabilities.h5
/hps/research1/birney/users/ian/opto_res/videos/20210203/h5s/20210203_cab_50_green_80_op_0.6_sp-2_MMStack_Default.ome-004_Probabilities.h5
/hps/research1/birney/users/ian/opto_res/videos/20210203/h5s/20210203_cab_20_green_80_op_0.6_sp_MMStack_Default.ome-005_Probabilities.h5
