/hps/research1/birney/users/ian/opto_res/videos/20210203/pass_2/results/raw/20210226_2_4dpi1dpi_cabcr5inj2_W50_sp0.93_op80_GW_MMStack_Default_CSV-Table.csv.csv
data/tracking/20210203/pass_2/20210226_2_4dpi1dpi_cabcr5inj2_W50_sp0.93_op80_GW_MMStack_Default.csv
data/tracking/20210203/pass_2/20210226_6_4dpi1dpi_cabcr5inj2_W50_sp1_op80_LGG_MMStack_Default.csv
/hps/research1/birney/users/ian/opto_res/videos/20210203/pass_2/results/raw/20210301_3_7dpi4dpi_cabcr5inj2_W50_sp0.6_op50_GW_MMStack_Default_CSV-Table.csv.csv
/hps/research1/birney/users/ian/opto_res/ilastik/training/20210306/pass_2/h5s/20210301_12_7dpi4dpi_cabcr5inj2_W50_sp0.6_op80_LGG_MMStack_Default_Probabilities.h5
/hps/research1/birney/users/ian/opto_res/ilastik/training/20210306/pass_2/h5s/20210301_4_7dpi4dpi_cabcr5inj2_W50_sp0.6_op50_GW_MMStack_Default_Probabilities.h5
data/tracking/20210203/pass_2/20210301_3_7dpi4dpi_cabcr5inj2_W50_sp0.6_op50_GW_MMStack_Default.csv
